
Microsoft Visual Studio Solution File, Format Version 12.00
# Visual Studio Version 16
VisualStudioVersion = 16.0.31829.152
MinimumVisualStudioVersion = 10.0.40219.1
Project("{FAE04EC0-301F-11D3-BF4B-00C04F79EFBC}") = "LoLMasteryTool", "LoLMasteryTool\LoLMasteryTool.csproj", "{72207895-A66D-4A34-8E30-DB2D3E4322AF}"
EndProject
Global
	GlobalSection(SolutionConfigurationPlatforms) = preSolution
		Debug|Any CPU = Debug|Any CPU
		Release|Any CPU = Release|Any CPU
	EndGlobalSection
	GlobalSection(ProjectConfigurationPlatforms) = postSolution
		{72207895-A66D-4A34-8E30-DB2D3E4322AF}.Debug|Any CPU.ActiveCfg = Debug|Any CPU
		{72207895-A66D-4A34-8E30-DB2D3E4322AF}.Debug|Any CPU.Build.0 = Debug|Any CPU
		{72207895-A66D-4A34-8E30-DB2D3E4322AF}.Release|Any CPU.ActiveCfg = Release|Any CPU
		{72207895-A66D-4A34-8E30-DB2D3E4322AF}.Release|Any CPU.Build.0 = Release|Any CPU
	EndGlobalSection
	GlobalSection(SolutionProperties) = preSolution
		HideSolutionNode = FALSE
	EndGlobalSection
	GlobalSection(ExtensibilityGlobals) = postSolution
		SolutionGuid = {E68CACDD-237C-44AC-82D6-A0C61AFE7C68}
	EndGlobalSection
EndGlobal
